
Microsoft Visual Studio Solution File, Format Version 12.00
# Visual Studio Version 17
VisualStudioVersion = 17.13.35931.197 d17.13
MinimumVisualStudioVersion = 10.0.40219.1
Project("{FAE04EC0-301F-11D3-BF4B-00C04F79EFBC}") = "TaskManagerProLite", "TaskManagerProLite.csproj", "{FEF7F209-E5C7-4A4B-9BFA-310637754626}"
EndProject
Global
	GlobalSection(SolutionConfigurationPlatforms) = preSolution
		Debug|Any CPU = Debug|Any CPU
		Release|Any CPU = Release|Any CPU
	EndGlobalSection
	GlobalSection(ProjectConfigurationPlatforms) = postSolution
		{FEF7F209-E5C7-4A4B-9BFA-310637754626}.Debug|Any CPU.ActiveCfg = Debug|Any CPU
		{FEF7F209-E5C7-4A4B-9BFA-310637754626}.Debug|Any CPU.Build.0 = Debug|Any CPU
		{FEF7F209-E5C7-4A4B-9BFA-310637754626}.Release|Any CPU.ActiveCfg = Release|Any CPU
		{FEF7F209-E5C7-4A4B-9BFA-310637754626}.Release|Any CPU.Build.0 = Release|Any CPU
	EndGlobalSection
	GlobalSection(SolutionProperties) = preSolution
		HideSolutionNode = FALSE
	EndGlobalSection
	GlobalSection(ExtensibilityGlobals) = postSolution
		SolutionGuid = {F05DECB4-A3EA-4C9D-B1C4-7ED08A169673}
	EndGlobalSection
EndGlobal
